# This file is automatically @generated by Cargo.
# It is not intended for manual editing.
version = 4

[[package]]
name = "minimal-game-client"
version = "0.1.0"
dependencies = [
 "minimal-game-shared",
 "nico-presentation",
 "nico-runtime",
]

[[package]]
name = "minimal-game-server"
version = "0.1.0"
dependencies = [
 "minimal-game-shared",
 "nico-runtime",
]

[[package]]
name = "minimal-game-shared"
version = "0.1.0"
dependencies = [
 "nico-runtime",
]

[[package]]
name = "nico-assets"
version = "0.1.0"

[[package]]
name = "nico-devtools"
version = "0.1.0"
dependencies = [
 "nico-runtime",
]

[[package]]
name = "nico-physics"
version = "0.1.0"
dependencies = [
 "nico-runtime",
]

[[package]]
name = "nico-presentation"
version = "0.1.0"
dependencies = [
 "nico-runtime",
]

[[package]]
name = "nico-runtime"
version = "0.1.0"
