# This file is automatically @generated by Cargo.
# It is not intended for manual editing.
version = 4

[[package]]
name = "nico-assets"
version = "0.1.0"

[[package]]
name = "nico-audio"
version = "0.1.0"

[[package]]
name = "nico-devtools"
version = "0.1.0"
dependencies = [
 "nico-runtime",
]

[[package]]
name = "nico-input"
version = "0.1.0"

[[package]]
name = "nico-physics"
version = "0.1.0"
dependencies = [
 "nico-runtime",
]

[[package]]
name = "nico-player"
version = "0.1.0"
dependencies = [
 "nico-presentation",
 "nico-render",
 "nico-runtime",
]

[[package]]
name = "nico-presentation"
version = "0.1.0"
dependencies = [
 "nico-audio",
 "nico-render",
 "nico-runtime",
]

[[package]]
name = "nico-render"
version = "0.1.0"

[[package]]
name = "nico-runtime"
version = "0.1.0"

[[package]]
name = "nico-sandbox"
version = "0.1.0"
dependencies = [
 "nico-devtools",
 "nico-presentation",
 "nico-render",
 "nico-runtime",
]

[[package]]
name = "nico-server"
version = "0.1.0"
dependencies = [
 "nico-runtime",
]

[[package]]
name = "nico-ui"
version = "0.1.0"
dependencies = [
 "nico-runtime",
]

[[package]]
name = "nico-window"
version = "0.1.0"
