<Solution>
  <Folder Name="/src/">
    <Project Path="src/Engine.Assets/Engine.Assets.csproj" />
    <Project Path="src/Engine.Core/Engine.Core.csproj" />
    <Project Path="src/Engine.Graphics/Engine.Graphics.csproj" />
    <Project Path="src/Engine.Graphics.Silk/Engine.Graphics.Silk.csproj" />
    <Project Path="src/Engine.Scripting/Engine.Scripting.csproj" />
    <Project Path="src/Engine.UI/Engine.UI.csproj" />
    <Project Path="src/Engine/Engine.csproj" />
    <Project Path="src/Editor/Editor.csproj" />
    <Project Path="src/Player/Player.csproj" />
  </Folder>
  <Folder Name="/tests/">
    <Project Path="tests/Engine.Assets.Tests/Engine.Assets.Tests.csproj" />
    <Project Path="tests/Engine.Core.Tests/Engine.Core.Tests.csproj" />
    <Project Path="tests/Editor.Tests/Editor.Tests.csproj" />
    <Project Path="tests/Engine.Graphics.Tests/Engine.Graphics.Tests.csproj" />
  </Folder>
</Solution>
