<Solution>
  <Folder Name="/src/">
    <Project Path="src/Engine.Assets/Engine.Assets.csproj" />
    <Project Path="src/Engine.Core/Engine.Core.csproj" />
    <Project Path="src/Engine.Graphics/Engine.Graphics.csproj" />
    <Project Path="src/Engine.Graphics.Silk/Engine.Graphics.Silk.csproj" />
    <Project Path="src/Engine.Physics/Engine.Physics.csproj" />
    <Project Path="src/Engine.Scripting/Engine.Scripting.csproj" />
    <Project Path="src/Engine.UI/Engine.UI.csproj" />
    <Project Path="src/Engine/Engine.csproj" />
    <Project Path="src/Editor/Editor.csproj" />
    <Project Path="src/Player/Player.csproj" />
    <Project Path="src/UIShowcase/UIShowcase.csproj" />
  </Folder>
  <Folder Name="/examples/">
    <Project Path="example_game_server/ExampleGame.Server.csproj" />
  </Folder>
  <Folder Name="/tests/">
    <Project Path="tests/Engine.Assets.Tests/Engine.Assets.Tests.csproj" />
    <Project Path="tests/Engine.Core.Tests/Engine.Core.Tests.csproj" />
    <Project Path="tests/Editor.Tests/Editor.Tests.csproj" />
    <Project Path="tests/Engine.Graphics.Tests/Engine.Graphics.Tests.csproj" />
    <Project Path="tests/Engine.Physics.Tests/Engine.Physics.Tests.csproj" />
  </Folder>
  <Folder Name="/tools/">
    <Project Path="tools/Engine.AssetTool/Engine.AssetTool.csproj" />
    <Project Path="tools/Engine.Profiler.Weaver/Engine.Profiler.Weaver.csproj" />
    <Project Path="tools/Engine.Script.Generator/Engine.Script.Generator.csproj" />
    <Project Path="tools/Engine.UI.Benchmarks/Engine.UI.Benchmarks.csproj" />
  </Folder>
</Solution>
