
Microsoft Visual Studio Solution File, Format Version 12.00
# Visual Studio Version 17
VisualStudioVersion = 17.0.31903.59
MinimumVisualStudioVersion = 10.0.40219.1
Project("{2150E333-8FDC-42A3-9474-1A3956D46DE8}") = "src", "src", "{58633D6E-DB5A-48FC-BBE3-676BDA81FD8C}"
EndProject
Project("{FAE04EC0-301F-11D3-BF4B-00C04F79EFBC}") = "Nico.World", "src\Nico.World\Nico.World.csproj", "{6697542D-231E-4501-805E-85EB452175BA}"
EndProject
Project("{FAE04EC0-301F-11D3-BF4B-00C04F79EFBC}") = "Nico.Starter", "src\Nico.Starter\Nico.Starter.csproj", "{0C3E85EA-8D42-4AA7-964E-3F8522B6093B}"
EndProject
Project("{FAE04EC0-301F-11D3-BF4B-00C04F79EFBC}") = "Nico.Net", "src\Nico.Net\Nico.Net.csproj", "{3EE09764-15D5-4604-A952-03B37B1A251A}"
EndProject
Project("{FAE04EC0-301F-11D3-BF4B-00C04F79EFBC}") = "Nico.Serialization", "src\Nico.Serialization\Nico.Serialization.csproj", "{FCDC3DBB-BA08-4759-897E-EE00C898568A}"
EndProject
Project("{FAE04EC0-301F-11D3-BF4B-00C04F79EFBC}") = "Nico.Clustering.Localhost", "src\Nico.Clustering.Localhost\Nico.Clustering.Localhost.csproj", "{21EAF75D-88B2-4CE3-934A-7470715FA0B4}"
EndProject
Project("{2150E333-8FDC-42A3-9474-1A3956D46DE8}") = "samples", "samples", "{213524E0-32EC-4482-B345-F8989CDB4C37}"
EndProject
Project("{2150E333-8FDC-42A3-9474-1A3956D46DE8}") = "HelloWorld", "HelloWorld", "{AA53C9CB-7501-4F37-9F00-3EE8AF71C662}"
EndProject
Project("{FAE04EC0-301F-11D3-BF4B-00C04F79EFBC}") = "HelloWorld.App", "samples\HelloWorld\HelloWorld.App\HelloWorld.App.csproj", "{8A1EAFF7-033F-4DE4-9768-C900460B6085}"
EndProject
Project("{2150E333-8FDC-42A3-9474-1A3956D46DE8}") = "test", "test", "{52099D52-C2D6-4481-8309-57116D87BD54}"
EndProject
Project("{FAE04EC0-301F-11D3-BF4B-00C04F79EFBC}") = "Core.Tests", "test\Core.Tests\Core.Tests.csproj", "{53E910B4-8FE9-41BA-87F8-5F8ED2E62AF4}"
EndProject
Project("{FAE04EC0-301F-11D3-BF4B-00C04F79EFBC}") = "Nico.Clustering.Abstractions", "src\Nico.Clustering.Abstractions\Nico.Clustering.Abstractions.csproj", "{4F7644D1-F333-4B4F-99A4-E8D4C7B8F8CB}"
EndProject
Project("{FAE04EC0-301F-11D3-BF4B-00C04F79EFBC}") = "Nico.Core", "src\Nico.Core\Nico.Core.csproj", "{89A411E1-6040-4F2B-9316-DE1CE50C99CB}"
EndProject
Global
	GlobalSection(SolutionConfigurationPlatforms) = preSolution
		Debug|Any CPU = Debug|Any CPU
		Release|Any CPU = Release|Any CPU
	EndGlobalSection
	GlobalSection(SolutionProperties) = preSolution
		HideSolutionNode = FALSE
	EndGlobalSection
	GlobalSection(ProjectConfigurationPlatforms) = postSolution
		{6697542D-231E-4501-805E-85EB452175BA}.Debug|Any CPU.ActiveCfg = Debug|Any CPU
		{6697542D-231E-4501-805E-85EB452175BA}.Debug|Any CPU.Build.0 = Debug|Any CPU
		{6697542D-231E-4501-805E-85EB452175BA}.Release|Any CPU.ActiveCfg = Release|Any CPU
		{6697542D-231E-4501-805E-85EB452175BA}.Release|Any CPU.Build.0 = Release|Any CPU
		{0C3E85EA-8D42-4AA7-964E-3F8522B6093B}.Debug|Any CPU.ActiveCfg = Debug|Any CPU
		{0C3E85EA-8D42-4AA7-964E-3F8522B6093B}.Debug|Any CPU.Build.0 = Debug|Any CPU
		{0C3E85EA-8D42-4AA7-964E-3F8522B6093B}.Release|Any CPU.ActiveCfg = Release|Any CPU
		{0C3E85EA-8D42-4AA7-964E-3F8522B6093B}.Release|Any CPU.Build.0 = Release|Any CPU
		{3EE09764-15D5-4604-A952-03B37B1A251A}.Debug|Any CPU.ActiveCfg = Debug|Any CPU
		{3EE09764-15D5-4604-A952-03B37B1A251A}.Debug|Any CPU.Build.0 = Debug|Any CPU
		{3EE09764-15D5-4604-A952-03B37B1A251A}.Release|Any CPU.ActiveCfg = Release|Any CPU
		{3EE09764-15D5-4604-A952-03B37B1A251A}.Release|Any CPU.Build.0 = Release|Any CPU
		{FCDC3DBB-BA08-4759-897E-EE00C898568A}.Debug|Any CPU.ActiveCfg = Debug|Any CPU
		{FCDC3DBB-BA08-4759-897E-EE00C898568A}.Debug|Any CPU.Build.0 = Debug|Any CPU
		{FCDC3DBB-BA08-4759-897E-EE00C898568A}.Release|Any CPU.ActiveCfg = Release|Any CPU
		{FCDC3DBB-BA08-4759-897E-EE00C898568A}.Release|Any CPU.Build.0 = Release|Any CPU
		{21EAF75D-88B2-4CE3-934A-7470715FA0B4}.Debug|Any CPU.ActiveCfg = Debug|Any CPU
		{21EAF75D-88B2-4CE3-934A-7470715FA0B4}.Debug|Any CPU.Build.0 = Debug|Any CPU
		{21EAF75D-88B2-4CE3-934A-7470715FA0B4}.Release|Any CPU.ActiveCfg = Release|Any CPU
		{21EAF75D-88B2-4CE3-934A-7470715FA0B4}.Release|Any CPU.Build.0 = Release|Any CPU
		{8A1EAFF7-033F-4DE4-9768-C900460B6085}.Debug|Any CPU.ActiveCfg = Debug|Any CPU
		{8A1EAFF7-033F-4DE4-9768-C900460B6085}.Debug|Any CPU.Build.0 = Debug|Any CPU
		{8A1EAFF7-033F-4DE4-9768-C900460B6085}.Release|Any CPU.ActiveCfg = Release|Any CPU
		{8A1EAFF7-033F-4DE4-9768-C900460B6085}.Release|Any CPU.Build.0 = Release|Any CPU
		{53E910B4-8FE9-41BA-87F8-5F8ED2E62AF4}.Debug|Any CPU.ActiveCfg = Debug|Any CPU
		{53E910B4-8FE9-41BA-87F8-5F8ED2E62AF4}.Debug|Any CPU.Build.0 = Debug|Any CPU
		{53E910B4-8FE9-41BA-87F8-5F8ED2E62AF4}.Release|Any CPU.ActiveCfg = Release|Any CPU
		{53E910B4-8FE9-41BA-87F8-5F8ED2E62AF4}.Release|Any CPU.Build.0 = Release|Any CPU
		{4F7644D1-F333-4B4F-99A4-E8D4C7B8F8CB}.Debug|Any CPU.ActiveCfg = Debug|Any CPU
		{4F7644D1-F333-4B4F-99A4-E8D4C7B8F8CB}.Debug|Any CPU.Build.0 = Debug|Any CPU
		{4F7644D1-F333-4B4F-99A4-E8D4C7B8F8CB}.Release|Any CPU.ActiveCfg = Release|Any CPU
		{4F7644D1-F333-4B4F-99A4-E8D4C7B8F8CB}.Release|Any CPU.Build.0 = Release|Any CPU
		{89A411E1-6040-4F2B-9316-DE1CE50C99CB}.Debug|Any CPU.ActiveCfg = Debug|Any CPU
		{89A411E1-6040-4F2B-9316-DE1CE50C99CB}.Debug|Any CPU.Build.0 = Debug|Any CPU
		{89A411E1-6040-4F2B-9316-DE1CE50C99CB}.Release|Any CPU.ActiveCfg = Release|Any CPU
		{89A411E1-6040-4F2B-9316-DE1CE50C99CB}.Release|Any CPU.Build.0 = Release|Any CPU
	EndGlobalSection
	GlobalSection(NestedProjects) = preSolution
		{6697542D-231E-4501-805E-85EB452175BA} = {58633D6E-DB5A-48FC-BBE3-676BDA81FD8C}
		{0C3E85EA-8D42-4AA7-964E-3F8522B6093B} = {58633D6E-DB5A-48FC-BBE3-676BDA81FD8C}
		{3EE09764-15D5-4604-A952-03B37B1A251A} = {58633D6E-DB5A-48FC-BBE3-676BDA81FD8C}
		{FCDC3DBB-BA08-4759-897E-EE00C898568A} = {58633D6E-DB5A-48FC-BBE3-676BDA81FD8C}
		{21EAF75D-88B2-4CE3-934A-7470715FA0B4} = {58633D6E-DB5A-48FC-BBE3-676BDA81FD8C}
		{AA53C9CB-7501-4F37-9F00-3EE8AF71C662} = {213524E0-32EC-4482-B345-F8989CDB4C37}
		{8A1EAFF7-033F-4DE4-9768-C900460B6085} = {AA53C9CB-7501-4F37-9F00-3EE8AF71C662}
		{53E910B4-8FE9-41BA-87F8-5F8ED2E62AF4} = {52099D52-C2D6-4481-8309-57116D87BD54}
		{4F7644D1-F333-4B4F-99A4-E8D4C7B8F8CB} = {58633D6E-DB5A-48FC-BBE3-676BDA81FD8C}
		{89A411E1-6040-4F2B-9316-DE1CE50C99CB} = {58633D6E-DB5A-48FC-BBE3-676BDA81FD8C}
	EndGlobalSection
EndGlobal
